{
    "_meta": {
        "hash": {
            "sha256": "c52c077b75ceeb5c8dfaaa903c89641ba6dd10931ea0e5e3bf79bb3c8cfbdb5f"
        },
        "pipfile-spec": 6,
        "requires": {
            "python_version": "3.11"
        },
        "sources": [
            {
                "name": "pypi",
                "url": "https://pypi.org/simple",
                "verify_ssl": true
            }
        ]
    },
    "default": {
        "asgiref": {
            "hashes": [
                "sha256:89b2ef2247e3b562a16eef663bc0e2e703ec6468e2fa8a5cd61cd449786d4f6e",
                "sha256:9e0ce3aa93a819ba5b45120216b23878cf6e8525eb3848653452b4192b92afed"
            ],
            "markers": "python_version >= '3.7'",
            "version": "==3.7.2"
        },
        "attrs": {
            "hashes": [
                "sha256:1f28b4522cdc2fb4256ac1a020c78acf9cba2c6b461ccd2c126f3aa8e8335d04",
                "sha256:6279836d581513a26f1bf235f9acd333bc9115683f14f7e8fae46c98fc50e015"
            ],
            "markers": "python_version >= '3.7'",
            "version": "==23.1.0"
        },
        "dj-database-url": {
            "hashes": [
                "sha256:04bc34b248d4c21aaa13e4ab419ae6575ef5f10f3df735ce7da97722caa356e0",
                "sha256:f2042cefe1086e539c9da39fad5ad7f61173bf79665e69bf7e4de55fa88b135f"
            ],
            "index": "pypi",
            "version": "==2.1.0"
        },
        "django": {
            "hashes": [
                "sha256:3a9fd52b8dbeae335ddf4a9dfa6c6a0853a1122f1fb071a8d5eca979f73a05c8",
                "sha256:7d29e14dfbc19cb6a95a4bd669edbde11f5d4c6a71fdaa42c2d40b6846e807f7"
            ],
            "index": "pypi",
            "markers": "python_version >= '3.10'",
            "version": "==5.0"
        },
        "django-filter": {
            "hashes": [
                "sha256:67583aa43b91fe8c49f74a832d95f4d8442be628fd4c6d65e9f811f5153a4e5c",
                "sha256:99122a201d83860aef4fe77758b69dda913e874cc5e0eaa50a86b0b18d708400"
            ],
            "index": "pypi",
            "markers": "python_version >= '3.7'",
            "version": "==23.5"
        },
        "django-rest-framework": {
            "hashes": [
                "sha256:47a8f496fa69e3b6bd79f68dd7a1527d907d6b77f009e9db7cf9bb21cc565e4a"
            ],
            "index": "pypi",
            "version": "==0.1.0"
        },
        "djangorestframework": {
            "hashes": [
                "sha256:579a333e6256b09489cbe0a067e66abe55c6595d8926be6b99423786334350c8",
                "sha256:eb63f58c9f218e1a7d064d17a70751f528ed4e1d35547fdade9aaf4cd103fd08"
            ],
            "markers": "python_version >= '3.6'",
            "version": "==3.14.0"
        },
        "djangorestframework-simplejwt": {
            "hashes": [
                "sha256:381bc966aa46913905629d472cd72ad45faa265509764e20ffd440164c88d220",
                "sha256:6c4bd37537440bc439564ebf7d6085e74c5411485197073f508ebdfa34bc9fae"
            ],
            "index": "pypi",
            "markers": "python_version >= '3.8'",
            "version": "==5.3.1"
        },
        "drf-spectacular": {
            "hashes": [
                "sha256:18d7ae74b2b5d533fd31f1c591ebaa5cce1447e0976ced927401e3163040dea9",
                "sha256:6ab2d20674244e8c940c2883f744b43c34fc68c70ea3aefa802f574108c9699b"
            ],
            "index": "pypi",
            "markers": "python_version >= '3.6'",
            "version": "==0.27.0"
        },
        "gunicorn": {
            "hashes": [
                "sha256:3213aa5e8c24949e792bcacfc176fef362e7aac80b76c56f6b5122bf350722f0",
                "sha256:88ec8bff1d634f98e61b9f65bc4bf3cd918a90806c6f5c48bc5603849ec81033"
            ],
            "index": "pypi",
            "markers": "python_version >= '3.5'",
            "version": "==21.2.0"
        },
        "inflection": {
            "hashes": [
                "sha256:1a29730d366e996aaacffb2f1f1cb9593dc38e2ddd30c91250c6dde09ea9b417",
                "sha256:f38b2b640938a4f35ade69ac3d053042959b62a0f1076a5bbaa1b9526605a8a2"
            ],
            "markers": "python_version >= '3.5'",
            "version": "==0.5.1"
        },
        "jsonschema": {
            "hashes": [
                "sha256:4f614fd46d8d61258610998997743ec5492a648b33cf478c1ddc23ed4598a5fa",
                "sha256:ed6231f0429ecf966f5bc8dfef245998220549cbbcf140f913b7464c52c3b6b3"
            ],
            "index": "pypi",
            "markers": "python_version >= '3.8'",
            "version": "==4.20.0"
        },
        "jsonschema-specifications": {
            "hashes": [
                "sha256:48a76787b3e70f5ed53f1160d2b81f586e4ca6d1548c5de7085d1682674764cc",
                "sha256:87e4fdf3a94858b8a2ba2778d9ba57d8a9cafca7c7489c46ba0d30a8bc6a9c3c"
            ],
            "markers": "python_version >= '3.8'",
            "version": "==2023.12.1"
        },
        "mysqlclient": {
            "hashes": [
                "sha256:1f8889cc5f0141bb307b915e981a66793df663ace92259344661084a7dd8d12a",
                "sha256:2c7ad15b87293b12fd44b47c46879ec95ec647f4567e866ccd70b8337584e9b2",
                "sha256:45600f4f321096bd1ead3355bc62cfcf8d97dc78df94e4ab5db72ecb5db1bd04",
                "sha256:4fabe1f4b545ed6244ad0ff426e6b27054b7e5c5b1392be0de2e5f2f59be0392",
                "sha256:641a7c9de443ddef186a0e89f24b4251ad44f4ddc5e7094332bf2d286d7c9e33",
                "sha256:8f40c872f19639366e3df27bef2ff087be0e3ee0bd3453470bd29f46b54a90f6",
                "sha256:97eee76818774bb695e018ff4c3dafaab74b9a0b0cf32c90b02caeec3b19cd8e",
                "sha256:9db6305cdf2a1da350f827d2a19be7f2666eafd9eb8d4f7cbbac5df847d61b99",
                "sha256:c5a293baebbfcfa2905545198a54e90f1cf00f211eae6637d24930abb6432cba"
            ],
            "index": "pypi",
            "markers": "python_version >= '3.8'",
            "version": "==2.2.1"
        },
        "packaging": {
            "hashes": [
                "sha256:048fb0e9405036518eaaf48a55953c750c11e1a1b68e0dd1a9d62ed0c092cfc5",
                "sha256:8c491190033a9af7e1d931d0b5dacc2ef47509b34dd0de67ed209b5203fc88c7"
            ],
            "markers": "python_version >= '3.7'",
            "version": "==23.2"
        },
        "psycopg2": {
            "hashes": [
                "sha256:121081ea2e76729acfb0673ff33755e8703d45e926e416cb59bae3a86c6a4981",
                "sha256:38a8dcc6856f569068b47de286b472b7c473ac7977243593a288ebce0dc89516",
                "sha256:426f9f29bde126913a20a96ff8ce7d73fd8a216cfb323b1f04da402d452853c3",
                "sha256:5e0d98cade4f0e0304d7d6f25bbfbc5bd186e07b38eac65379309c4ca3193efa",
                "sha256:7e2dacf8b009a1c1e843b5213a87f7c544b2b042476ed7755be813eaf4e8347a",
                "sha256:a7653d00b732afb6fc597e29c50ad28087dcb4fbfb28e86092277a559ae4e693",
                "sha256:ade01303ccf7ae12c356a5e10911c9e1c51136003a9a1d92f7aa9d010fb98372",
                "sha256:bac58c024c9922c23550af2a581998624d6e02350f4ae9c5f0bc642c633a2d5e",
                "sha256:c92811b2d4c9b6ea0285942b2e7cac98a59e166d59c588fe5cfe1eda58e72d59",
                "sha256:d1454bde93fb1e224166811694d600e746430c006fbb031ea06ecc2ea41bf156",
                "sha256:d735786acc7dd25815e89cc4ad529a43af779db2e25aa7c626de864127e5a024",
                "sha256:de80739447af31525feddeb8effd640782cf5998e1a4e9192ebdf829717e3913",
                "sha256:ff432630e510709564c01dafdbe996cb552e0b9f3f065eb89bdce5bd31fabf4c"
            ],
            "index": "pypi",
            "markers": "python_version >= '3.7'",
            "version": "==2.9.9"
        },
        "pyjwt": {
            "hashes": [
                "sha256:57e28d156e3d5c10088e0c68abb90bfac3df82b40a71bd0daa20c65ccd5c23de",
                "sha256:59127c392cc44c2da5bb3192169a91f429924e17aff6534d70fdc02ab3e04320"
            ],
            "markers": "python_version >= '3.7'",
            "version": "==2.8.0"
        },
        "pytz": {
            "hashes": [
                "sha256:7b4fddbeb94a1eba4b557da24f19fdf9db575192544270a9101d8509f9f43d7b",
                "sha256:ce42d816b81b68506614c11e8937d3aa9e41007ceb50bfdcb0749b921bf646c7"
            ],
            "version": "==2023.3.post1"
        },
        "pyyaml": {
            "hashes": [
                "sha256:04ac92ad1925b2cff1db0cfebffb6ffc43457495c9b3c39d3fcae417d7125dc5",
                "sha256:062582fca9fabdd2c8b54a3ef1c978d786e0f6b3a1510e0ac93ef59e0ddae2bc",
                "sha256:0d3304d8c0adc42be59c5f8a4d9e3d7379e6955ad754aa9d6ab7a398b59dd1df",
                "sha256:1635fd110e8d85d55237ab316b5b011de701ea0f29d07611174a1b42f1444741",
                "sha256:184c5108a2aca3c5b3d3bf9395d50893a7ab82a38004c8f61c258d4428e80206",
                "sha256:18aeb1bf9a78867dc38b259769503436b7c72f7a1f1f4c93ff9a17de54319b27",
                "sha256:1d4c7e777c441b20e32f52bd377e0c409713e8bb1386e1099c2415f26e479595",
                "sha256:1e2722cc9fbb45d9b87631ac70924c11d3a401b2d7f410cc0e3bbf249f2dca62",
                "sha256:1fe35611261b29bd1de0070f0b2f47cb6ff71fa6595c077e42bd0c419fa27b98",
                "sha256:28c119d996beec18c05208a8bd78cbe4007878c6dd15091efb73a30e90539696",
                "sha256:326c013efe8048858a6d312ddd31d56e468118ad4cdeda36c719bf5bb6192290",
                "sha256:40df9b996c2b73138957fe23a16a4f0ba614f4c0efce1e9406a184b6d07fa3a9",
                "sha256:42f8152b8dbc4fe7d96729ec2b99c7097d656dc1213a3229ca5383f973a5ed6d",
                "sha256:49a183be227561de579b4a36efbb21b3eab9651dd81b1858589f796549873dd6",
                "sha256:4fb147e7a67ef577a588a0e2c17b6db51dda102c71de36f8549b6816a96e1867",
                "sha256:50550eb667afee136e9a77d6dc71ae76a44df8b3e51e41b77f6de2932bfe0f47",
                "sha256:510c9deebc5c0225e8c96813043e62b680ba2f9c50a08d3724c7f28a747d1486",
                "sha256:5773183b6446b2c99bb77e77595dd486303b4faab2b086e7b17bc6bef28865f6",
                "sha256:596106435fa6ad000c2991a98fa58eeb8656ef2325d7e158344fb33864ed87e3",
                "sha256:6965a7bc3cf88e5a1c3bd2e0b5c22f8d677dc88a455344035f03399034eb3007",
                "sha256:69b023b2b4daa7548bcfbd4aa3da05b3a74b772db9e23b982788168117739938",
                "sha256:6c22bec3fbe2524cde73d7ada88f6566758a8f7227bfbf93a408a9d86bcc12a0",
                "sha256:704219a11b772aea0d8ecd7058d0082713c3562b4e271b849ad7dc4a5c90c13c",
                "sha256:7e07cbde391ba96ab58e532ff4803f79c4129397514e1413a7dc761ccd755735",
                "sha256:81e0b275a9ecc9c0c0c07b4b90ba548307583c125f54d5b6946cfee6360c733d",
                "sha256:855fb52b0dc35af121542a76b9a84f8d1cd886ea97c84703eaa6d88e37a2ad28",
                "sha256:8d4e9c88387b0f5c7d5f281e55304de64cf7f9c0021a3525bd3b1c542da3b0e4",
                "sha256:9046c58c4395dff28dd494285c82ba00b546adfc7ef001486fbf0324bc174fba",
                "sha256:9eb6caa9a297fc2c2fb8862bc5370d0303ddba53ba97e71f08023b6cd73d16a8",
                "sha256:a0cd17c15d3bb3fa06978b4e8958dcdc6e0174ccea823003a106c7d4d7899ac5",
                "sha256:afd7e57eddb1a54f0f1a974bc4391af8bcce0b444685d936840f125cf046d5bd",
                "sha256:b1275ad35a5d18c62a7220633c913e1b42d44b46ee12554e5fd39c70a243d6a3",
                "sha256:b786eecbdf8499b9ca1d697215862083bd6d2a99965554781d0d8d1ad31e13a0",
                "sha256:ba336e390cd8e4d1739f42dfe9bb83a3cc2e80f567d8805e11b46f4a943f5515",
                "sha256:baa90d3f661d43131ca170712d903e6295d1f7a0f595074f151c0aed377c9b9c",
                "sha256:bc1bf2925a1ecd43da378f4db9e4f799775d6367bdb94671027b73b393a7c42c",
                "sha256:bd4af7373a854424dabd882decdc5579653d7868b8fb26dc7d0e99f823aa5924",
                "sha256:bf07ee2fef7014951eeb99f56f39c9bb4af143d8aa3c21b1677805985307da34",
                "sha256:bfdf460b1736c775f2ba9f6a92bca30bc2095067b8a9d77876d1fad6cc3b4a43",
                "sha256:c8098ddcc2a85b61647b2590f825f3db38891662cfc2fc776415143f599bb859",
                "sha256:d2b04aac4d386b172d5b9692e2d2da8de7bfb6c387fa4f801fbf6fb2e6ba4673",
                "sha256:d483d2cdf104e7c9fa60c544d92981f12ad66a457afae824d146093b8c294c54",
                "sha256:d858aa552c999bc8a8d57426ed01e40bef403cd8ccdd0fc5f6f04a00414cac2a",
                "sha256:e7d73685e87afe9f3b36c799222440d6cf362062f78be1013661b00c5c6f678b",
                "sha256:f003ed9ad21d6a4713f0a9b5a7a0a79e08dd0f221aff4525a2be4c346ee60aab",
                "sha256:f22ac1c3cac4dbc50079e965eba2c1058622631e526bd9afd45fedd49ba781fa",
                "sha256:faca3bdcf85b2fc05d06ff3fbc1f83e1391b3e724afa3feba7d13eeab355484c",
                "sha256:fca0e3a251908a499833aa292323f32437106001d436eca0e6e7833256674585",
                "sha256:fd1592b3fdf65fff2ad0004b5e363300ef59ced41c2e6b3a99d4089fa8c5435d",
                "sha256:fd66fc5d0da6d9815ba2cebeb4205f95818ff4b79c3ebe268e75d961704af52f"
            ],
            "markers": "python_version >= '3.6'",
            "version": "==6.0.1"
        },
        "referencing": {
            "hashes": [
                "sha256:689e64fe121843dcfd57b71933318ef1f91188ffb45367332700a86ac8fd6161",
                "sha256:bdcd3efb936f82ff86f993093f6da7435c7de69a3b3a5a06678a6050184bee99"
            ],
            "markers": "python_version >= '3.8'",
            "version": "==0.32.0"
        },
        "rpds-py": {
            "hashes": [
                "sha256:02744236ac1895d7be837878e707a5c35fb8edc5137602f253b63623d7ad5c8c",
                "sha256:03f9c5875515820633bd7709a25c3e60c1ea9ad1c5d4030ce8a8c203309c36fd",
                "sha256:044f6f46d62444800402851afa3c3ae50141f12013060c1a3a0677e013310d6d",
                "sha256:07a2e1d78d382f7181789713cdf0c16edbad4fe14fe1d115526cb6f0eef0daa3",
                "sha256:082e0e55d73690ffb4da4352d1b5bbe1b5c6034eb9dc8c91aa2a3ee15f70d3e2",
                "sha256:13152dfe7d7c27c40df8b99ac6aab12b978b546716e99f67e8a67a1d441acbc3",
                "sha256:13716e53627ad97babf72ac9e01cf9a7d4af2f75dd5ed7b323a7a9520e948282",
                "sha256:13ff62d3561a23c17341b4afc78e8fcfd799ab67c0b1ca32091d71383a98ba4b",
                "sha256:1607cda6129f815493a3c184492acb5ae4aa6ed61d3a1b3663aa9824ed26f7ac",
                "sha256:164fcee32f15d04d61568c9cb0d919e37ff3195919cd604039ff3053ada0461b",
                "sha256:1c24e30d720c0009b6fb2e1905b025da56103c70a8b31b99138e4ed1c2a6c5b0",
                "sha256:1e6fcd0a0f62f2997107f758bb372397b8d5fd5f39cc6dcb86f7cb98a2172d6c",
                "sha256:1fd0f0b1ccd7d537b858a56355a250108df692102e08aa2036e1a094fd78b2dc",
                "sha256:2181e86d4e1cdf49a7320cb72a36c45efcb7670d0a88f09fd2d3a7967c0540fd",
                "sha256:2974e6dff38afafd5ccf8f41cb8fc94600b3f4fd9b0a98f6ece6e2219e3158d5",
                "sha256:2dccc623725d0b298f557d869a68496a2fd2a9e9c41107f234fa5f7a37d278ac",
                "sha256:2df3d07a16a3bef0917b28cd564778fbb31f3ffa5b5e33584470e2d1b0f248f0",
                "sha256:2e7e5633577b3bd56bf3af2ef6ae3778bbafb83743989d57f0e7edbf6c0980e4",
                "sha256:2ee066a64f0d2ba45391cac15b3a70dcb549e968a117bd0500634754cfe0e5fc",
                "sha256:2f1f295a5c28cfa74a7d48c95acc1c8a7acd49d7d9072040d4b694fe11cd7166",
                "sha256:2faa97212b0dc465afeedf49045cdd077f97be1188285e646a9f689cb5dfff9e",
                "sha256:30479a9f1fce47df56b07460b520f49fa2115ec2926d3b1303c85c81f8401ed1",
                "sha256:337a8653fb11d2fbe7157c961cc78cb3c161d98cf44410ace9a3dc2db4fad882",
                "sha256:3423007fc0661827e06f8a185a3792c73dda41f30f3421562f210cf0c9e49569",
                "sha256:373b76eeb79e8c14f6d82cb1d4d5293f9e4059baec6c1b16dca7ad13b6131b39",
                "sha256:3b79c63d29101cbaa53a517683557bb550462394fb91044cc5998dd2acff7340",
                "sha256:3bbc89ce2a219662ea142f0abcf8d43f04a41d5b1880be17a794c39f0d609cb0",
                "sha256:3c11bc5814554b018f6c5d6ae0969e43766f81e995000b53a5d8c8057055e886",
                "sha256:3cd61e759c4075510052d1eca5cddbd297fe1164efec14ef1fce3f09b974dfe4",
                "sha256:3d40fb3ca22e3d40f494d577441b263026a3bd8c97ae6ce89b2d3c4b39ac9581",
                "sha256:3db0c998c92b909d7c90b66c965590d4f3cd86157176a6cf14aa1f867b77b889",
                "sha256:422b0901878a31ef167435c5ad46560362891816a76cc0d150683f3868a6f0d1",
                "sha256:46b4f3d47d1033db569173be62365fbf7808c2bd3fb742314d251f130d90d44c",
                "sha256:485fbdd23becb822804ed05622907ee5c8e8a5f43f6f43894a45f463b2217045",
                "sha256:53304cc14b1d94487d70086e1cb0cb4c29ec6da994d58ae84a4d7e78c6a6d04d",
                "sha256:5595c80dd03d7e6c6afb73f3594bf3379a7d79fa57164b591d012d4b71d6ac4c",
                "sha256:56b51ba29a18e5f5810224bcf00747ad931c0716e3c09a76b4a1edd3d4aba71f",
                "sha256:580182fa5b269c2981e9ce9764367cb4edc81982ce289208d4607c203f44ffde",
                "sha256:5e99d6510c8557510c220b865d966b105464740dcbebf9b79ecd4fbab30a13d9",
                "sha256:5eb05b654a41e0f81ab27a7c3e88b6590425eb3e934e1d533ecec5dc88a6ffff",
                "sha256:62b292fff4739c6be89e6a0240c02bda5a9066a339d90ab191cf66e9fdbdc193",
                "sha256:6a5122b17a4faf5d7a6d91fa67b479736c0cacc7afe791ddebb7163a8550b799",
                "sha256:6a8ff8e809da81363bffca2b965cb6e4bf6056b495fc3f078467d1f8266fe27f",
                "sha256:6c43e1b89099279cc03eb1c725c5de12af6edcd2f78e2f8a022569efa639ada3",
                "sha256:709dc11af2f74ba89c68b1592368c6edcbccdb0a06ba77eb28c8fe08bb6997da",
                "sha256:7e072f5da38d6428ba1fc1115d3cc0dae895df671cb04c70c019985e8c7606be",
                "sha256:813a65f95bfcb7c8f2a70dd6add9b51e9accc3bdb3e03d0ff7a9e6a2d3e174bf",
                "sha256:86c01299942b0f4b5b5f28c8701689181ad2eab852e65417172dbdd6c5b3ccc8",
                "sha256:893e38d0f4319dfa70c0f36381a37cc418985c87b11d9784365b1fff4fa6973b",
                "sha256:8a5f574b92b3ee7d254e56d56e37ec0e1416acb1ae357c4956d76a1788dc58fb",
                "sha256:8b9650f92251fdef843e74fc252cdfd6e3c700157ad686eeb0c6d7fdb2d11652",
                "sha256:8ec464f20fe803ae00419bd1610934e3bda963aeba1e6181dfc9033dc7e8940c",
                "sha256:8f333bfe782a2d05a67cfaa0cc9cd68b36b39ee6acfe099f980541ed973a7093",
                "sha256:8ffdeb7dbd0160d4e391e1f857477e4762d00aa2199c294eb95dfb9451aa1d9f",
                "sha256:911e600e798374c0d86235e7ef19109cf865d1336942d398ff313375a25a93ba",
                "sha256:9235be95662559141934fced8197de6fee8c58870f36756b0584424b6d708393",
                "sha256:938518a11780b39998179d07f31a4a468888123f9b00463842cd40f98191f4d3",
                "sha256:93c18a1696a8e0388ed84b024fe1a188a26ba999b61d1d9a371318cb89885a8c",
                "sha256:97532802f14d383f37d603a56e226909f825a83ff298dc1b6697de00d2243999",
                "sha256:98ee201a52a7f65608e5494518932e1473fd43535f12cade0a1b4ab32737fe28",
                "sha256:9d2ae79f31da5143e020a8d4fc74e1f0cbcb8011bdf97453c140aa616db51406",
                "sha256:9d38494a8d21c246c535b41ecdb2d562c4b933cf3d68de03e8bc43a0d41be652",
                "sha256:9d41ebb471a6f064c0d1c873c4f7dded733d16ca5db7d551fb04ff3805d87802",
                "sha256:9e09d017e3f4d9bd7d17a30d3f59e4d6d9ba2d2ced280eec2425e84112cf623f",
                "sha256:a6945c2d61c42bb7e818677f43638675b8c1c43e858b67a96df3eb2426a86c9d",
                "sha256:a72e00826a2b032dda3eb25aa3e3579c6d6773d22d8446089a57a123481cc46c",
                "sha256:aa1e626c524d2c7972c0f3a8a575d654a3a9c008370dc2a97e46abd0eaa749b9",
                "sha256:ab095edf1d840a6a6a4307e1a5b907a299a94e7b90e75436ee770b8c35d22a25",
                "sha256:ac2ac84a4950d627d84b61f082eba61314373cfab4b3c264b62efab02ababe83",
                "sha256:ac7187bee72384b9cfedf09a29a3b2b6e8815cc64c095cdc8b5e6aec81e9fd5f",
                "sha256:ae9d83a81b09ce3a817e2cbb23aabc07f86a3abc664c613cd283ce7a03541e95",
                "sha256:afeabb382c1256a7477b739820bce7fe782bb807d82927102cee73e79b41b38b",
                "sha256:b2a4cd924d0e2f4b1a68034abe4cadc73d69ad5f4cf02db6481c0d4d749f548f",
                "sha256:b414ef79f1f06fb90b5165db8aef77512c1a5e3ed1b4807da8476b7e2c853283",
                "sha256:b4ecbba7efd82bd2a4bb88aab7f984eb5470991c1347bdd1f35fb34ea28dba6e",
                "sha256:b61d5096e75fd71018b25da50b82dd70ec39b5e15bb2134daf7eb7bbbc103644",
                "sha256:b629db53fe17e6ce478a969d30bd1d0e8b53238c46e3a9c9db39e8b65a9ef973",
                "sha256:b70b45a40ad0798b69748b34d508259ef2bdc84fb2aad4048bc7c9cafb68ddb3",
                "sha256:b88c3ab98556bc351b36d6208a6089de8c8db14a7f6e1f57f82a334bd2c18f0b",
                "sha256:baf744e5f9d5ee6531deea443be78b36ed1cd36c65a0b95ea4e8d69fa0102268",
                "sha256:bbc7421cbd28b4316d1d017db338039a7943f945c6f2bb15e1439b14b5682d28",
                "sha256:c31272c674f725dfe0f343d73b0abe8c878c646967ec1c6106122faae1efc15b",
                "sha256:c51a899792ee2c696072791e56b2020caff58b275abecbc9ae0cb71af0645c95",
                "sha256:c61e42b4ceb9759727045765e87d51c1bb9f89987aca1fcc8a040232138cad1c",
                "sha256:c7cd0841a586b7105513a7c8c3d5c276f3adc762a072d81ef7fae80632afad1e",
                "sha256:c827a931c6b57f50f1bb5de400dcfb00bad8117e3753e80b96adb72d9d811514",
                "sha256:d2aa3ca9552f83b0b4fa6ca8c6ce08da6580f37e3e0ab7afac73a1cfdc230c0e",
                "sha256:d46ee458452727a147d7897bb33886981ae1235775e05decae5d5d07f537695a",
                "sha256:d64a657de7aae8db2da60dc0c9e4638a0c3893b4d60101fd564a3362b2bfeb34",
                "sha256:d800a8e2ac62db1b9ea5d6d1724f1a93c53907ca061de4d05ed94e8dfa79050c",
                "sha256:d9d7ebcd11ea76ba0feaae98485cd8e31467c3d7985210fab46983278214736b",
                "sha256:dd7d3608589072f63078b4063a6c536af832e76b0b3885f1bfe9e892abe6c207",
                "sha256:ec19e823b4ccd87bd69e990879acbce9e961fc7aebe150156b8f4418d4b27b7f",
                "sha256:ee40206d1d6e95eaa2b7b919195e3689a5cf6ded730632de7f187f35a1b6052c",
                "sha256:f138f550b83554f5b344d6be35d3ed59348510edc3cb96f75309db6e9bfe8210",
                "sha256:f3e6e2e502c4043c52a99316d89dc49f416acda5b0c6886e0dd8ea7bb35859e8",
                "sha256:fb10bb720348fe1647a94eb605accb9ef6a9b1875d8845f9e763d9d71a706387",
                "sha256:fc066395e6332da1e7525d605b4c96055669f8336600bef8ac569d5226a7c76f",
                "sha256:fc33267d58dfbb2361baed52668c5d8c15d24bc0372cecbb79fed77339b55e0d"
            ],
            "markers": "python_version >= '3.8'",
            "version": "==0.15.2"
        },
        "sqlparse": {
            "hashes": [
                "sha256:5430a4fe2ac7d0f93e66f1efc6e1338a41884b7ddf2a350cedd20ccc4d9d28f3",
                "sha256:d446183e84b8349fa3061f0fe7f06ca94ba65b426946ffebe6e3e8295332420c"
            ],
            "markers": "python_version >= '3.5'",
            "version": "==0.4.4"
        },
        "typing-extensions": {
            "hashes": [
                "sha256:23478f88c37f27d76ac8aee6c905017a143b0b1b886c3c9f66bc2fd94f9f5783",
                "sha256:af72aea155e91adfc61c3ae9e0e342dbc0cba726d6cba4b6c72c1f34e47291cd"
            ],
            "markers": "python_version >= '3.8'",
            "version": "==4.9.0"
        },
        "tzdata": {
            "hashes": [
                "sha256:11ef1e08e54acb0d4f95bdb1be05da659673de4acbd21bf9c69e94cc5e907a3a",
                "sha256:7e65763eef3120314099b6939b5546db7adce1e7d6f2e179e3df563c70511eda"
            ],
            "markers": "sys_platform == 'win32'",
            "version": "==2023.3"
        },
        "uritemplate": {
            "hashes": [
                "sha256:4346edfc5c3b79f694bccd6d6099a322bbeb628dbf2cd86eea55a456ce5124f0",
                "sha256:830c08b8d99bdd312ea4ead05994a38e8936266f84b9a7878232db50b044e02e"
            ],
            "markers": "python_version >= '3.6'",
            "version": "==4.1.1"
        },
        "whitenoise": {
            "hashes": [
                "sha256:8998f7370973447fac1e8ef6e8ded2c5209a7b1f67c1012866dbcd09681c3251",
                "sha256:b1f9db9bf67dc183484d760b99f4080185633136a273a03f6436034a41064146"
            ],
            "index": "pypi",
            "markers": "python_version >= '3.8'",
            "version": "==6.6.0"
        }
    },
    "develop": {
        "asgiref": {
            "hashes": [
                "sha256:89b2ef2247e3b562a16eef663bc0e2e703ec6468e2fa8a5cd61cd449786d4f6e",
                "sha256:9e0ce3aa93a819ba5b45120216b23878cf6e8525eb3848653452b4192b92afed"
            ],
            "markers": "python_version >= '3.7'",
            "version": "==3.7.2"
        },
        "colorama": {
            "hashes": [
                "sha256:08695f5cb7ed6e0531a20572697297273c47b8cae5a63ffc6d6ed5c201be6e44",
                "sha256:4f1d9991f5acc0ca119f9d443620b77f9d6b33703e51011c16baf57afb285fc6"
            ],
            "markers": "sys_platform == 'win32'",
            "version": "==0.4.6"
        },
        "django": {
            "hashes": [
                "sha256:3a9fd52b8dbeae335ddf4a9dfa6c6a0853a1122f1fb071a8d5eca979f73a05c8",
                "sha256:7d29e14dfbc19cb6a95a4bd669edbde11f5d4c6a71fdaa42c2d40b6846e807f7"
            ],
            "index": "pypi",
            "markers": "python_version >= '3.10'",
            "version": "==5.0"
        },
        "django-debug-toolbar": {
            "hashes": [
                "sha256:af99128c06e8e794479e65ab62cc6c7d1e74e1c19beb44dcbf9bad7a9c017327",
                "sha256:bc7fdaafafcdedefcc67a4a5ad9dac96efd6e41db15bc74d402a54a2ba4854dc"
            ],
            "index": "pypi",
            "markers": "python_version >= '3.8'",
            "version": "==4.2.0"
        },
        "iniconfig": {
            "hashes": [
                "sha256:2d91e135bf72d31a410b17c16da610a82cb55f6b0477d1a902134b24a455b8b3",
                "sha256:b6a85871a79d2e3b22d2d1b94ac2824226a63c6b741c88f7ae975f18b6778374"
            ],
            "markers": "python_version >= '3.7'",
            "version": "==2.0.0"
        },
        "packaging": {
            "hashes": [
                "sha256:048fb0e9405036518eaaf48a55953c750c11e1a1b68e0dd1a9d62ed0c092cfc5",
                "sha256:8c491190033a9af7e1d931d0b5dacc2ef47509b34dd0de67ed209b5203fc88c7"
            ],
            "markers": "python_version >= '3.7'",
            "version": "==23.2"
        },
        "pluggy": {
            "hashes": [
                "sha256:cf61ae8f126ac6f7c451172cf30e3e43d3ca77615509771b3a984a0730651e12",
                "sha256:d89c696a773f8bd377d18e5ecda92b7a3793cbe66c87060a6fb58c7b6e1061f7"
            ],
            "markers": "python_version >= '3.8'",
            "version": "==1.3.0"
        },
        "pytest": {
            "hashes": [
                "sha256:0d009c083ea859a71b76adf7c1d502e4bc170b80a8ef002da5806527b9591fac",
                "sha256:d989d136982de4e3b29dabcc838ad581c64e8ed52c11fbe86ddebd9da0818cd5"
            ],
            "index": "pypi",
            "markers": "python_version >= '3.7'",
            "version": "==7.4.3"
        },
        "pytest-django": {
            "hashes": [
                "sha256:4e1c79d5261ade2dd58d91208017cd8f62cb4710b56e012ecd361d15d5d662a2",
                "sha256:92d6fd46b1d79b54fb6b060bbb39428073396cec717d5f2e122a990d4b6aa5e8"
            ],
            "index": "pypi",
            "markers": "python_version >= '3.8'",
            "version": "==4.7.0"
        },
        "sqlparse": {
            "hashes": [
                "sha256:5430a4fe2ac7d0f93e66f1efc6e1338a41884b7ddf2a350cedd20ccc4d9d28f3",
                "sha256:d446183e84b8349fa3061f0fe7f06ca94ba65b426946ffebe6e3e8295332420c"
            ],
            "markers": "python_version >= '3.5'",
            "version": "==0.4.4"
        },
        "tzdata": {
            "hashes": [
                "sha256:11ef1e08e54acb0d4f95bdb1be05da659673de4acbd21bf9c69e94cc5e907a3a",
                "sha256:7e65763eef3120314099b6939b5546db7adce1e7d6f2e179e3df563c70511eda"
            ],
            "markers": "sys_platform == 'win32'",
            "version": "==2023.3"
        }
    }
}
